
Microsoft Visual Studio Solution File, Format Version 12.00
# Visual Studio Version 16
VisualStudioVersion = 16.0.30204.135
MinimumVisualStudioVersion = 10.0.40219.1
Project("{FAE04EC0-301F-11D3-BF4B-00C04F79EFBC}") = "LojaAPI", "LojaAPI.csproj", "{C9694E4E-D711-42B3-A567-F97B78B802E8}"
EndProject
Global
	GlobalSection(SolutionConfigurationPlatforms) = preSolution
		Debug|Any CPU = Debug|Any CPU
		Release|Any CPU = Release|Any CPU
	EndGlobalSection
	GlobalSection(ProjectConfigurationPlatforms) = postSolution
		{C9694E4E-D711-42B3-A567-F97B78B802E8}.Debug|Any CPU.ActiveCfg = Debug|Any CPU
		{C9694E4E-D711-42B3-A567-F97B78B802E8}.Debug|Any CPU.Build.0 = Debug|Any CPU
		{C9694E4E-D711-42B3-A567-F97B78B802E8}.Release|Any CPU.ActiveCfg = Release|Any CPU
		{C9694E4E-D711-42B3-A567-F97B78B802E8}.Release|Any CPU.Build.0 = Release|Any CPU
	EndGlobalSection
	GlobalSection(SolutionProperties) = preSolution
		HideSolutionNode = FALSE
	EndGlobalSection
	GlobalSection(ExtensibilityGlobals) = postSolution
		SolutionGuid = {DB7DFF3B-7310-45AF-B4CB-8DC247B04D7C}
	EndGlobalSection
EndGlobal
